PODS:
  - AFNetworking/NSURLConnection (2.6.3):
    - AFNetworking/Reachability
    - AFNetworking/Security
    - AFNetworking/Serialization
  - AFNetworking/NSURLSession (2.6.3):
    - AFNetworking/Reachability
    - AFNetworking/Security
    - AFNetworking/Serialization
  - AFNetworking/Reachability (2.6.3)
  - AFNetworking/Security (2.6.3)
  - AFNetworking/Serialization (2.6.3)
  - Alamofire (4.8.2)
  - AlamofireNetworkActivityIndicator (2.4.0):
    - Alamofire (~> 4.8)
  - Amplitude (8.3.1)
  - CardIO (5.4.1)
  - Charts (3.4.0):
    - Charts/Core (= 3.4.0)
  - Charts/Core (3.4.0)
  - Crashlytics (3.14.0):
    - Fabric (~> 1.10.2)
  - CryptoSwift (1.0.0)
  - Dispatch (2.0.4)
  - Fabric (1.10.2)
  - Firebase/Analytics (8.6.0):
    - Firebase/Core
  - Firebase/Core (8.6.0):
    - Firebase/CoreOnly
    - FirebaseAnalytics (~> 8.6.0)
  - Firebase/CoreOnly (8.6.0):
    - FirebaseCore (= 8.6.0)
  - Firebase/Crashlytics (8.6.0):
    - Firebase/CoreOnly
    - FirebaseCrashlytics (~> 8.6.0)
  - Firebase/RemoteConfig (8.6.0):
    - Firebase/CoreOnly
    - FirebaseRemoteConfig (~> 8.6.0)
  - FirebaseABTesting (8.6.0):
    - FirebaseCore (~> 8.0)
  - FirebaseAnalytics (8.6.0):
    - FirebaseAnalytics/AdIdSupport (= 8.6.0)
    - FirebaseCore (~> 8.0)
    - FirebaseInstallations (~> 8.0)
    - GoogleUtilities/AppDelegateSwizzler (~> 7.4)
    - GoogleUtilities/MethodSwizzler (~> 7.4)
    - GoogleUtilities/Network (~> 7.4)
    - "GoogleUtilities/NSData+zlib (~> 7.4)"
    - nanopb (~> 2.30908.0)
  - FirebaseAnalytics/AdIdSupport (8.6.0):
    - FirebaseCore (~> 8.0)
    - FirebaseInstallations (~> 8.0)
    - GoogleAppMeasurement (= 8.6.0)
    - GoogleUtilities/AppDelegateSwizzler (~> 7.4)
    - GoogleUtilities/MethodSwizzler (~> 7.4)
    - GoogleUtilities/Network (~> 7.4)
    - "GoogleUtilities/NSData+zlib (~> 7.4)"
    - nanopb (~> 2.30908.0)
  - FirebaseCore (8.6.0):
    - FirebaseCoreDiagnostics (~> 8.0)
    - GoogleUtilities/Environment (~> 7.4)
    - GoogleUtilities/Logger (~> 7.4)
  - FirebaseCoreDiagnostics (8.6.0):
    - GoogleDataTransport (~> 9.0)
    - GoogleUtilities/Environment (~> 7.4)
    - GoogleUtilities/Logger (~> 7.4)
    - nanopb (~> 2.30908.0)
  - FirebaseCrashlytics (8.6.0):
    - FirebaseCore (~> 8.0)
    - FirebaseInstallations (~> 8.0)
    - GoogleDataTransport (~> 9.0)
    - GoogleUtilities/Environment (~> 7.4)
    - nanopb (~> 2.30908.0)
    - PromisesObjC (< 3.0, >= 1.2)
  - FirebaseInstallations (8.6.0):
    - FirebaseCore (~> 8.0)
    - GoogleUtilities/Environment (~> 7.4)
    - GoogleUtilities/UserDefaults (~> 7.4)
    - PromisesObjC (< 3.0, >= 1.2)
  - FirebaseRemoteConfig (8.6.0):
    - FirebaseABTesting (~> 8.0)
    - FirebaseCore (~> 8.0)
    - FirebaseInstallations (~> 8.0)
    - GoogleUtilities/Environment (~> 7.4)
    - "GoogleUtilities/NSData+zlib (~> 7.4)"
  - FLKAutoLayout (1.0.1)
  - Floaty (4.1.0)
  - GoogleAppMeasurement (8.6.0):
    - GoogleAppMeasurement/AdIdSupport (= 8.6.0)
    - GoogleUtilities/AppDelegateSwizzler (~> 7.4)
    - GoogleUtilities/MethodSwizzler (~> 7.4)
    - GoogleUtilities/Network (~> 7.4)
    - "GoogleUtilities/NSData+zlib (~> 7.4)"
    - nanopb (~> 2.30908.0)
  - GoogleAppMeasurement/AdIdSupport (8.6.0):
    - GoogleUtilities/AppDelegateSwizzler (~> 7.4)
    - GoogleUtilities/MethodSwizzler (~> 7.4)
    - GoogleUtilities/Network (~> 7.4)
    - "GoogleUtilities/NSData+zlib (~> 7.4)"
    - nanopb (~> 2.30908.0)
  - GoogleDataTransport (9.1.0):
    - GoogleUtilities/Environment (~> 7.2)
    - nanopb (~> 2.30908.0)
    - PromisesObjC (< 3.0, >= 1.2)
  - GoogleMaps (2.7.0):
    - GoogleMaps/Maps (= 2.7.0)
  - GoogleMaps/Base (2.7.0)
  - GoogleMaps/Maps (2.7.0):
    - GoogleMaps/Base
  - GoogleUtilities/AppDelegateSwizzler (7.5.1):
    - GoogleUtilities/Environment
    - GoogleUtilities/Logger
    - GoogleUtilities/Network
  - GoogleUtilities/Environment (7.5.1):
    - PromisesObjC (< 3.0, >= 1.2)
  - GoogleUtilities/Logger (7.5.1):
    - GoogleUtilities/Environment
  - GoogleUtilities/MethodSwizzler (7.5.1):
    - GoogleUtilities/Logger
  - GoogleUtilities/Network (7.5.1):
    - GoogleUtilities/Logger
    - "GoogleUtilities/NSData+zlib"
    - GoogleUtilities/Reachability
  - "GoogleUtilities/NSData+zlib (7.5.1)"
  - GoogleUtilities/Reachability (7.5.1):
    - GoogleUtilities/Logger
  - GoogleUtilities/UserDefaults (7.5.1):
    - GoogleUtilities/Logger
  - JTMaterialSwitch (1.1)
  - lottie-ios (3.1.9)
  - MDFInternationalization (2.0.0)
  - MDFTextAccessibility (2.0.0)
  - MFMSPushNE (2.5.1)
  - ModernDesign (1.3.1):
    - ModernDesign/Extensions (= 1.3.1)
  - ModernDesign/Extensions (1.3.1):
    - ModernDesignExtensions (= 1.3.1)
  - ModernDesignExtensions (1.3.1):
    - SwiftCommons/Lang (~> 1.3.1)
  - MotionAnimator (2.8.1):
    - MotionInterchange (~> 1.6)
  - MotionInterchange (1.6.0)
  - MotionTransitioning (5.0.0)
  - nanopb (2.30908.0):
    - nanopb/decode (= 2.30908.0)
    - nanopb/encode (= 2.30908.0)
  - nanopb/decode (2.30908.0)
  - nanopb/encode (2.30908.0)
  - PromisesObjC (2.0.0)
  - R.swift (5.1.0):
    - R.swift.Library (~> 5.1.0)
  - R.swift.Library (5.1.0)
  - ReachabilitySwift (4.1.0)
  - Realm (4.4.0):
    - Realm/Headers (= 4.4.0)
  - Realm/Headers (4.4.0)
  - RealmSwift (4.4.0):
    - Realm (= 4.4.0)
  - SDWebImage (5.11.1):
    - SDWebImage/Core (= 5.11.1)
  - SDWebImage/Core (5.11.1)
  - SkeletonView (1.24.4)
  - SnapKit (4.2.0)
  - SwiftCommons/Lang (1.3.2):
    - SwiftCommonsLang (= 1.3.2)
  - SwiftCommonsAbstractions (1.3.2)
  - SwiftCommonsConcurrent (1.3.2):
    - Dispatch (~> 2.0.4)
    - SwiftCommonsObjC (= 1.3.2)
  - SwiftCommonsDiagnostics (1.3.2):
    - SwiftCommonsConcurrent (= 1.3.2)
    - SwiftCommonsExtensions (= 1.3.2)
  - SwiftCommonsExtensions (1.3.2):
    - SwiftCommonsAbstractions (= 1.3.2)
    - SwiftCommonsLogging (= 1.3.2)
  - SwiftCommonsLang (1.3.2)
  - SwiftCommonsLogging (1.3.2):
    - SwiftCommonsConcurrent (= 1.3.2)
    - SwiftCommonsLang (= 1.3.2)
  - SwiftCommonsObjC (1.3.2)
  - SwiftLint (0.30.1)
  - SWTableViewCell (0.3.7)
  - Threads (3.7.4)
  - Zip (1.1.0)

DEPENDENCIES:
  - AFNetworking/NSURLConnection (= 2.6.3)
  - AFNetworking/NSURLSession (= 2.6.3)
  - AFNetworking/Reachability (= 2.6.3)
  - AFNetworking/Security (= 2.6.3)
  - AFNetworking/Serialization (= 2.6.3)
  - Alamofire (~> 4.8.2)
  - AlamofireNetworkActivityIndicator (~> 2.4.0)
  - Amplitude (~> 8.3.0)
  - CardIO (= 5.4.1)
  - Charts (~> 3.4.0)
  - Crashlytics (~> 3.14.0)
  - CryptoSwift (= 1.0.0)
  - Fabric (~> 1.10.2)
  - Firebase/Analytics
  - Firebase/Crashlytics
  - Firebase/RemoteConfig
  - FLKAutoLayout (from `https://gitlab.rencredit.ru/mobile/ios_pods/flkautolayout.git`, branch `hotfix/1.0.1-patch.1`)
  - Floaty (~> 4.1.0)
  - GoogleMaps (= 2.7.0)
  - JTMaterialSwitch (from `https://gitlab.rencredit.ru/mobile/ios_pods/jtmaterialswitch.git`, branch `hotfix/1.1.0-patch.1`)
  - lottie-ios (~> 3.1.8)
  - MDFInternationalization (= 2.0.0)
  - MDFTextAccessibility (= 2.0.0)
  - MFMSPushNE (from `https://maven-pub.mfms.ru/repository/maven-public/com/mfms/ios/push-ne/2.5.1/MFMSPushNE.podspec`)
  - ModernDesign (~> 1.3.1)
  - MotionAnimator (= 2.8.1)
  - MotionTransitioning (= 5.0.0)
  - R.swift (~> 5.1.0)
  - ReachabilitySwift (~> 4.1.0)
  - RealmSwift (= 4.4.0)
  - SDWebImage (~> 5.0)
  - SkeletonView
  - SnapKit (= 4.2.0)
  - SwiftCommonsAbstractions (~> 1.3.2)
  - SwiftCommonsConcurrent (~> 1.3.2)
  - SwiftCommonsDiagnostics (~> 1.3.2)
  - SwiftCommonsExtensions (~> 1.3.2)
  - SwiftCommonsLang (~> 1.3.2)
  - SwiftCommonsLogging (~> 1.3.2)
  - SwiftCommonsObjC (~> 1.3.2)
  - SwiftLint (~> 0.30.1)
  - SWTableViewCell (from `https://gitlab.rencredit.ru/mobile/ios_pods/SWTableViewCell.git`, branch `hotfix/xcode12`)
  - Threads (= 3.7.4)
  - Zip (~> 1.1)

SPEC REPOS:
  trunk:
    - AFNetworking
    - Alamofire
    - AlamofireNetworkActivityIndicator
    - Amplitude
    - CardIO
    - Charts
    - Crashlytics
    - CryptoSwift
    - Dispatch
    - Fabric
    - Firebase
    - FirebaseABTesting
    - FirebaseAnalytics
    - FirebaseCore
    - FirebaseCoreDiagnostics
    - FirebaseCrashlytics
    - FirebaseInstallations
    - FirebaseRemoteConfig
    - Floaty
    - GoogleAppMeasurement
    - GoogleDataTransport
    - GoogleMaps
    - GoogleUtilities
    - lottie-ios
    - MDFInternationalization
    - MDFTextAccessibility
    - ModernDesign
    - ModernDesignExtensions
    - MotionAnimator
    - MotionInterchange
    - MotionTransitioning
    - nanopb
    - PromisesObjC
    - R.swift
    - R.swift.Library
    - ReachabilitySwift
    - Realm
    - RealmSwift
    - SDWebImage
    - SkeletonView
    - SnapKit
    - SwiftCommons
    - SwiftCommonsAbstractions
    - SwiftCommonsConcurrent
    - SwiftCommonsDiagnostics
    - SwiftCommonsExtensions
    - SwiftCommonsLang
    - SwiftCommonsLogging
    - SwiftCommonsObjC
    - SwiftLint
    - Threads
    - Zip

EXTERNAL SOURCES:
  FLKAutoLayout:
    :branch: hotfix/1.0.1-patch.1
    :git: https://gitlab.rencredit.ru/mobile/ios_pods/flkautolayout.git
  JTMaterialSwitch:
    :branch: hotfix/1.1.0-patch.1
    :git: https://gitlab.rencredit.ru/mobile/ios_pods/jtmaterialswitch.git
  MFMSPushNE:
    :podspec: https://maven-pub.mfms.ru/repository/maven-public/com/mfms/ios/push-ne/2.5.1/MFMSPushNE.podspec
  SWTableViewCell:
    :branch: hotfix/xcode12
    :git: https://gitlab.rencredit.ru/mobile/ios_pods/SWTableViewCell.git

CHECKOUT OPTIONS:
  FLKAutoLayout:
    :commit: 2097557696e77f441459bce5c61835674e4ff910
    :git: https://gitlab.rencredit.ru/mobile/ios_pods/flkautolayout.git
  JTMaterialSwitch:
    :commit: 257f3d7aade2dd5483a847277123767484697abf
    :git: https://gitlab.rencredit.ru/mobile/ios_pods/jtmaterialswitch.git
  SWTableViewCell:
    :commit: 6ca2ea1b9aa1cfe4f498ad1df8ce2d3fd3fa5cff
    :git: https://gitlab.rencredit.ru/mobile/ios_pods/SWTableViewCell.git

SPEC CHECKSUMS:
  AFNetworking: cb8d14a848e831097108418f5d49217339d4eb60
  Alamofire: ae5c501addb7afdbb13687d7f2f722c78734c2d3
  AlamofireNetworkActivityIndicator: 9acc3de3ca6645bf0efed462396b0df13dd3e7b8
  Amplitude: c25a44ad72b84e684fcf67c478c1fb5c95e286a3
  CardIO: 56983b39b62f495fc6dae9ad7cf875143df06443
  Charts: 74c9f256eaf0460c0c416522d1cf8c634ea6b286
  Crashlytics: 9220f5bc89e7a618df411b4f639389dbfb0e03d2
  CryptoSwift: d81eeaa59dc5a8d03720fe919a6fd07b51f7439f
  Dispatch: 7ed89f2845001c4161ad83f43988b584fae8fff4
  Fabric: ea977e3cd9c20425516d3dafd3bf8c941c51223f
  Firebase: 21ac9f28b09a8bdfc005f34c984fca84e7e8786d
  FirebaseABTesting: c3e48ebf5e7e5c674c5a131c68e941d7921d83dc
  FirebaseAnalytics: 8f32ae54ad42754f503354782575c4ddfc1425c3
  FirebaseCore: 620b677f70f5470a8e59cb77f3ddc666f6f09785
  FirebaseCoreDiagnostics: 3721920bde3a9a6d5aa093c1d25e9d3e47f694af
  FirebaseCrashlytics: 58f8ecea7c799c61c50e8111d2e438424a8a1d2e
  FirebaseInstallations: 0ede6ffcd215b8f93c19d9b06c1c54e2d4107e98
  FirebaseRemoteConfig: 9ee4672d4eacf646256e26cfac61021b3a390ea4
  FLKAutoLayout: 37e1e09de6411dbee5526860d9f55d9063323ea8
  Floaty: 1a4e213f3512cf3045ef9cb0c1ff456226d1f66a
  GoogleAppMeasurement: 2c0c6e2a7ab3fe730ade6379f732bdefb46f50b0
  GoogleDataTransport: 85fd18ff3019bb85d3f2c551d04c481dedf71fc9
  GoogleMaps: f79af95cb24d869457b1f961c93d3ce8b2f3b848
  GoogleUtilities: 3df19e3c24f7bbc291d8b5809aa6b0d41e642437
  JTMaterialSwitch: cad8093c3773ff9f6c60005c98d269eb869b5e04
  lottie-ios: 3a3758ef5a008e762faec9c9d50a39842f26d124
  MDFInternationalization: 010097556d6b09d2c4ea38e0820ea6d37be6a314
  MDFTextAccessibility: 85c09a1bd9c321f494348e632a25063bcda35a53
  MFMSPushNE: 39b33fd13f3c50270248c628220d9eaad611d707
  ModernDesign: a4c2689f8820cd46070e87f91372f3940fc42b2e
  ModernDesignExtensions: 75fdec2cab48f462ee8c96f8694d066eac5d9d91
  MotionAnimator: ee16aa30567c5bae0fb2750c132915829cfaaf8a
  MotionInterchange: ead0e3ae1f3a5fb539e289debbc7ae036160a10d
  MotionTransitioning: 23d25edc2f4606efb922403cbac6d81af37aa33a
  nanopb: a0ba3315591a9ae0a16a309ee504766e90db0c96
  PromisesObjC: 68159ce6952d93e17b2dfe273b8c40907db5ba58
  R.swift: 8cbc4fc69b740305b6a17c8a8ed968eb788962d9
  R.swift.Library: fa85ce1e0d0b7e818cd9e080df910ba54d2776cc
  ReachabilitySwift: 6849231cd4e06559f3b9ef4a97a0a0f96d41e09f
  Realm: e125f464884cda953ebefe70c671b75b03b81b9b
  RealmSwift: 33656a42bd300959a081fc13347376bc478071af
  SDWebImage: a7f831e1a65eb5e285e3fb046a23fcfbf08e696d
  SkeletonView: c8632f212fcce7b7ba742c3d4a5af3596b5fa5ae
  SnapKit: fe8a619752f3f27075cc9a90244d75c6c3f27e2a
  SwiftCommons: 3a5bd904746e33b63c5cd3e5a9c7bec8fddba5c3
  SwiftCommonsAbstractions: 46a55ad6ce41f8721f4d43354460a151892e56c2
  SwiftCommonsConcurrent: adc13daf628028898f6a1a177a865c2852a6b576
  SwiftCommonsDiagnostics: 3f0c88a8edf3bb208b5d6bb27b17f537b129dcd9
  SwiftCommonsExtensions: 9ef9d0e97305cff3d870ac3b378cbdf3c9559d8b
  SwiftCommonsLang: 84a1adcf97e99bccac51122550db959dc9ed8d9b
  SwiftCommonsLogging: 7a2fd93bce88c5595b8dc6f7443adaa71e940396
  SwiftCommonsObjC: 34a7efb42000776a9c56b9ab16ec523dac670e82
  SwiftLint: a54bf1fe12b55c68560eb2a7689dfc81458508f7
  SWTableViewCell: 2a94aadc9d47b2b611fa064566bf57948b95b579
  Threads: 9d47d935321fc7afaad2640612c41bdf5d6b1e3e
  Zip: 8877eede3dda76bcac281225c20e71c25270774c

PODFILE CHECKSUM: 0ba50e36903c1987cf5abbd05d23019c9adc3740

COCOAPODS: 1.10.2
